
Microsoft Visual Studio Solution File, Format Version 12.00
# Visual Studio 2013
VisualStudioVersion = 12.0.30501.0
MinimumVisualStudioVersion = 10.0.40219.1
Project("{FAE04EC0-301F-11D3-BF4B-00C04F79EFBC}") = "WSExample", "WSExample\WSExample.csproj", "{AB55D95A-A314-4B34-9322-72418FE86F4C}"
EndProject
Project("{FAE04EC0-301F-11D3-BF4B-00C04F79EFBC}") = "TestWS", "TestWS\TestWS.csproj", "{8B62078B-914B-474C-899A-772ADB2BBBE0}"
EndProject
Global
	GlobalSection(SolutionConfigurationPlatforms) = preSolution
		Debug|Any CPU = Debug|Any CPU
		Release|Any CPU = Release|Any CPU
	EndGlobalSection
	GlobalSection(ProjectConfigurationPlatforms) = postSolution
		{AB55D95A-A314-4B34-9322-72418FE86F4C}.Debug|Any CPU.ActiveCfg = Debug|Any CPU
		{AB55D95A-A314-4B34-9322-72418FE86F4C}.Debug|Any CPU.Build.0 = Debug|Any CPU
		{AB55D95A-A314-4B34-9322-72418FE86F4C}.Release|Any CPU.ActiveCfg = Release|Any CPU
		{AB55D95A-A314-4B34-9322-72418FE86F4C}.Release|Any CPU.Build.0 = Release|Any CPU
		{8B62078B-914B-474C-899A-772ADB2BBBE0}.Debug|Any CPU.ActiveCfg = Debug|Any CPU
		{8B62078B-914B-474C-899A-772ADB2BBBE0}.Debug|Any CPU.Build.0 = Debug|Any CPU
		{8B62078B-914B-474C-899A-772ADB2BBBE0}.Release|Any CPU.ActiveCfg = Release|Any CPU
		{8B62078B-914B-474C-899A-772ADB2BBBE0}.Release|Any CPU.Build.0 = Release|Any CPU
	EndGlobalSection
	GlobalSection(SolutionProperties) = preSolution
		HideSolutionNode = FALSE
	EndGlobalSection
EndGlobal
